# This file is automatically @generated by Cargo.
# It is not intended for manual editing.
version = 4

[[package]]
name = "healthcheck-agent"
version = "0.1.0"

[[package]]
name = "healthcheck-core"
version = "0.1.0"

[[package]]
name = "healthcheck-protocol"
version = "0.1.0"

[[package]]
name = "healthcheck-server"
version = "0.1.0"
